{
	"name": "typescript",
	"version": "1.0.0",
	"lockfileVersion": 2,
	"requires": true,
	"packages": {
		"": {
			"name": "typescript",
			"version": "1.0.0",
			"license": "ISC",
			"dependencies": {
				"@pepperi-addons/papi-sdk": "^1.29.2",
				"@pepperi-addons/scripts": "^2.0.4"
			}
		},
		"node_modules/@pepperi-addons/papi-sdk": {
			"version": "1.29.2",
			"license": "ISC",
			"dependencies": {
				"node-fetch": "^2.6.0"
			}
		},
		"node_modules/@pepperi-addons/scripts": {
			"version": "2.0.4",
			"license": "ISC",
			"dependencies": {
				"commander": "^5.1.0",
				"node-fetch": "^2.6.0",
				"semver": "^7.3.2",
				"uuid": "^8.1.0"
			},
			"bin": {
				"cpi-node-debug": "cpi-node-debug.js",
				"create-addon": "create.js",
				"publish-addon": "publish.js"
			}
		},
		"node_modules/commander": {
			"version": "5.1.0",
			"license": "MIT",
			"engines": {
				"node": ">= 6"
			}
		},
		"node_modules/lru-cache": {
			"version": "6.0.0",
			"license": "ISC",
			"dependencies": {
				"yallist": "^4.0.0"
			},
			"engines": {
				"node": ">=10"
			}
		},
		"node_modules/node-fetch": {
			"version": "2.6.1",
			"license": "MIT",
			"engines": {
				"node": "4.x || >=6.0.0"
			}
		},
		"node_modules/semver": {
			"version": "7.3.5",
			"license": "ISC",
			"dependencies": {
				"lru-cache": "^6.0.0"
			},
			"bin": {
				"semver": "bin/semver.js"
			},
			"engines": {
				"node": ">=10"
			}
		},
		"node_modules/uuid": {
			"version": "8.3.2",
			"license": "MIT",
			"bin": {
				"uuid": "dist/bin/uuid"
			}
		},
		"node_modules/yallist": {
			"version": "4.0.0",
			"license": "ISC"
		}
	},
	"dependencies": {
		"@pepperi-addons/papi-sdk": {
			"version": "1.29.2",
			"requires": {
				"node-fetch": "^2.6.0"
			}
		},
		"@pepperi-addons/scripts": {
			"version": "2.0.4",
			"requires": {
				"commander": "^5.1.0",
				"node-fetch": "^2.6.0",
				"semver": "^7.3.2",
				"uuid": "^8.1.0"
			}
		},
		"commander": {
			"version": "5.1.0"
		},
		"lru-cache": {
			"version": "6.0.0",
			"requires": {
				"yallist": "^4.0.0"
			}
		},
		"node-fetch": {
			"version": "2.6.1"
		},
		"semver": {
			"version": "7.3.5",
			"requires": {
				"lru-cache": "^6.0.0"
			}
		},
		"uuid": {
			"version": "8.3.2"
		},
		"yallist": {
			"version": "4.0.0"
		}
	}
}
